{
  "nodes": {
    "darwin": {
      "inputs": {
        "nixpkgs": [
          "nixpkgs"
        ]
      },
      "locked": {
        "lastModified": 1648278671,
        "narHash": "sha256-1WrR9ex+rKTjZtODNUZQhkWYUprtfOkjOyo9YWL2NMs=",
        "owner": "lnl7",
        "repo": "nix-darwin",
        "rev": "4fdbb8168f61d31d3f90bb0d07f48de709c4fe79",
        "type": "github"
      },
      "original": {
        "owner": "lnl7",
        "ref": "master",
        "repo": "nix-darwin",
        "type": "github"
      }
    },
    "doom-emacs": {
      "flake": false,
      "locked": {
        "lastModified": 1645634993,
        "narHash": "sha256-QeE6aUJxoaqHM28Cpt2rKC817VQvXGuuFUyLzehaC50=",
        "owner": "hlissner",
        "repo": "doom-emacs",
        "rev": "42e5763782fdc1aabb9f2624d468248d6978abe2",
        "type": "github"
      },
      "original": {
        "owner": "hlissner",
        "ref": "master",
        "repo": "doom-emacs",
        "type": "github"
      }
    },
    "doom-snippets": {
      "flake": false,
      "locked": {
        "lastModified": 1646222996,
        "narHash": "sha256-YhOnoNSpmcKNJg+aS/829zqXStMkKWXWf1pulHEBcpQ=",
        "owner": "hlissner",
        "repo": "doom-snippets",
        "rev": "f61c23ece1ad47c0522059ac45085fd283ce4452",
        "type": "github"
      },
      "original": {
        "owner": "hlissner",
        "repo": "doom-snippets",
        "type": "github"
      }
    },
    "emacs-overlay": {
      "locked": {
        "lastModified": 1649445090,
        "narHash": "sha256-Efc9OyUwM9AlwwTA87F6RZrOPo2cvQ5xpiY1lJdRJQw=",
        "owner": "nix-community",
        "repo": "emacs-overlay",
        "rev": "64d16bb1dcef3f9b7a52b38cf54d87a792651968",
        "type": "github"
      },
      "original": {
        "owner": "nix-community",
        "repo": "emacs-overlay",
        "type": "github"
      }
    },
    "emacs-overlay_2": {
      "flake": false,
      "locked": {
        "lastModified": 1646933422,
        "narHash": "sha256-yDU9F/LhFVLeyCyXycwnb93bA5lEcCXlj4sldQe92Yw=",
        "owner": "nix-community",
        "repo": "emacs-overlay",
        "rev": "c875f360337cd71890c6b682cf277cc06218dbfa",
        "type": "github"
      },
      "original": {
        "owner": "nix-community",
        "repo": "emacs-overlay",
        "type": "github"
      }
    },
    "emacs-so-long": {
      "flake": false,
      "locked": {
        "lastModified": 1575031854,
        "narHash": "sha256-xIa5zO0ZaToDrec1OFjBK6l39AbA4l/CE4LInVu2hi0=",
        "owner": "hlissner",
        "repo": "emacs-so-long",
        "rev": "ed666b0716f60e8988c455804de24b55919e71ca",
        "type": "github"
      },
      "original": {
        "owner": "hlissner",
        "repo": "emacs-so-long",
        "type": "github"
      }
    },
    "evil-markdown": {
      "flake": false,
      "locked": {
        "lastModified": 1626852210,
        "narHash": "sha256-HBBuZ1VWIn6kwK5CtGIvHM1+9eiNiKPH0GUsyvpUVN8=",
        "owner": "Somelauw",
        "repo": "evil-markdown",
        "rev": "8e6cc68af83914b2fa9fd3a3b8472573dbcef477",
        "type": "github"
      },
      "original": {
        "owner": "Somelauw",
        "repo": "evil-markdown",
        "type": "github"
      }
    },
    "evil-org-mode": {
      "flake": false,
      "locked": {
        "lastModified": 1607203864,
        "narHash": "sha256-JxwqVYDN6OIJEH15MVI6XOZAPtUWUhJQWHyzcrUvrFg=",
        "owner": "hlissner",
        "repo": "evil-org-mode",
        "rev": "a9706da260c45b98601bcd72b1d2c0a24a017700",
        "type": "github"
      },
      "original": {
        "owner": "hlissner",
        "repo": "evil-org-mode",
        "type": "github"
      }
    },
    "evil-quick-diff": {
      "flake": false,
      "locked": {
        "lastModified": 1575189609,
        "narHash": "sha256-oGzl1ayW9rIuq0haoiFS7RZsS8NFMdEA7K1BSozgnJU=",
        "owner": "rgrinberg",
        "repo": "evil-quick-diff",
        "rev": "69c883720b30a892c63bc89f49d4f0e8b8028908",
        "type": "github"
      },
      "original": {
        "owner": "rgrinberg",
        "repo": "evil-quick-diff",
        "type": "github"
      }
    },
    "explain-pause-mode": {
      "flake": false,
      "locked": {
        "lastModified": 1595842060,
        "narHash": "sha256-++znrjiDSx+cy4okFBBXUBkRFdtnE2x+trkmqjB3Njs=",
        "owner": "lastquestion",
        "repo": "explain-pause-mode",
        "rev": "2356c8c3639cbeeb9751744dbe737267849b4b51",
        "type": "github"
      },
      "original": {
        "owner": "lastquestion",
        "repo": "explain-pause-mode",
        "type": "github"
      }
    },
    "flake-compat": {
      "flake": false,
      "locked": {
        "lastModified": 1648199409,
        "narHash": "sha256-JwPKdC2PoVBkG6E+eWw3j6BMR6sL3COpYWfif7RVb8Y=",
        "owner": "edolstra",
        "repo": "flake-compat",
        "rev": "64a525ee38886ab9028e6f61790de0832aa3ef03",
        "type": "github"
      },
      "original": {
        "owner": "edolstra",
        "repo": "flake-compat",
        "type": "github"
      }
    },
    "flake-modules-core": {
      "inputs": {
        "nixpkgs": [
          "hercules-ci-agent",
          "nixos-unstable"
        ]
      },
      "locked": {
        "lastModified": 1647368891,
        "narHash": "sha256-czmhnXovaf7Qsg1ASXIfr8WOkRPWYVfI7Mc7V9QzvGE=",
        "owner": "hercules-ci",
        "repo": "flake-modules-core",
        "rev": "fd84881e00ea7d070f8a11689ae333d15c317213",
        "type": "github"
      },
      "original": {
        "owner": "hercules-ci",
        "repo": "flake-modules-core",
        "type": "github"
      }
    },
    "flake-utils": {
      "locked": {
        "lastModified": 1619345332,
        "narHash": "sha256-qHnQkEp1uklKTpx3MvKtY6xzgcqXDsz5nLilbbuL+3A=",
        "owner": "numtide",
        "repo": "flake-utils",
        "rev": "2ebf2558e5bf978c7fb8ea927dfaed8fefab2e28",
        "type": "github"
      },
      "original": {
        "owner": "numtide",
        "repo": "flake-utils",
        "type": "github"
      }
    },
    "flake-utils_2": {
      "locked": {
        "lastModified": 1644229661,
        "narHash": "sha256-1YdnJAsNy69bpcjuoKdOYQX0YxZBiCYZo4Twxerqv7k=",
        "owner": "numtide",
        "repo": "flake-utils",
        "rev": "3cecb5b042f7f209c56ffd8371b2711a290ec797",
        "type": "github"
      },
      "original": {
        "owner": "numtide",
        "repo": "flake-utils",
        "type": "github"
      }
    },
    "flake-utils_3": {
      "locked": {
        "lastModified": 1644229661,
        "narHash": "sha256-1YdnJAsNy69bpcjuoKdOYQX0YxZBiCYZo4Twxerqv7k=",
        "owner": "numtide",
        "repo": "flake-utils",
        "rev": "3cecb5b042f7f209c56ffd8371b2711a290ec797",
        "type": "github"
      },
      "original": {
        "owner": "numtide",
        "repo": "flake-utils",
        "type": "github"
      }
    },
    "format-all": {
      "flake": false,
      "locked": {
        "lastModified": 1581716637,
        "narHash": "sha256-ul7LCe60W8TIvUmUtZtZRo8489TK9iTPDsLHmzxY57M=",
        "owner": "lassik",
        "repo": "emacs-format-all-the-code",
        "rev": "47d862d40a088ca089c92cd393c6dca4628f87d3",
        "type": "github"
      },
      "original": {
        "owner": "lassik",
        "repo": "emacs-format-all-the-code",
        "rev": "47d862d40a088ca089c92cd393c6dca4628f87d3",
        "type": "github"
      }
    },
    "hercules-ci-agent": {
      "inputs": {
        "flake-modules-core": "flake-modules-core",
        "nix-darwin": "nix-darwin",
        "nixos-unstable": "nixos-unstable",
        "pre-commit-hooks-nix": "pre-commit-hooks-nix"
      },
      "locked": {
        "lastModified": 1649443307,
        "narHash": "sha256-R5WJbQtGeE+sLciMRefrosyLSwOR4VB52gJSgDyKH7c=",
        "owner": "hercules-ci",
        "repo": "hercules-ci-agent",
        "rev": "56a8925fb519ce25a4ff8376ab76607a7d1b49ec",
        "type": "github"
      },
      "original": {
        "owner": "hercules-ci",
        "ref": "master",
        "repo": "hercules-ci-agent",
        "type": "github"
      }
    },
    "home-manager": {
      "inputs": {
        "nixpkgs": [
          "nixpkgs"
        ]
      },
      "locked": {
        "lastModified": 1650148597,
        "narHash": "sha256-/1V3grYy4GaqRgPjbBwWUY8mvZK/lfIPkkVtU/870ss=",
        "owner": "nix-community",
        "repo": "home-manager",
        "rev": "8ab155c61f5821ffda723de88b0009769771d4f2",
        "type": "github"
      },
      "original": {
        "owner": "nix-community",
        "repo": "home-manager",
        "type": "github"
      }
    },
    "neovim-flake": {
      "inputs": {
        "flake-utils": "flake-utils_2",
        "nixpkgs": "nixpkgs_3"
      },
      "locked": {
        "dir": "contrib",
        "lastModified": 1650022724,
        "narHash": "sha256-eYYaHpfSaYYrLkcD81Y4rsAMYDP1IJ7fLJJepkACkA8=",
        "owner": "neovim",
        "repo": "neovim",
        "rev": "333ba6569d833e22c0d291547d740d4bbfa3fdab",
        "type": "github"
      },
      "original": {
        "dir": "contrib",
        "owner": "neovim",
        "repo": "neovim",
        "type": "github"
      }
    },
    "neovim-nightly-overlay": {
      "inputs": {
        "flake-compat": "flake-compat",
        "neovim-flake": "neovim-flake",
        "nixpkgs": "nixpkgs_4"
      },
      "locked": {
        "lastModified": 1650096904,
        "narHash": "sha256-mSnDYhZCnw13vApIApeZMIYvuYnrd+Bal4aWbD3xzOc=",
        "owner": "nix-community",
        "repo": "neovim-nightly-overlay",
        "rev": "ae9ee8abdce8256822879916d386550bb55f5b6c",
        "type": "github"
      },
      "original": {
        "owner": "nix-community",
        "repo": "neovim-nightly-overlay",
        "type": "github"
      }
    },
    "nix-darwin": {
      "inputs": {
        "nixpkgs": "nixpkgs"
      },
      "locked": {
        "lastModified": 1648278671,
        "narHash": "sha256-1WrR9ex+rKTjZtODNUZQhkWYUprtfOkjOyo9YWL2NMs=",
        "owner": "LnL7",
        "repo": "nix-darwin",
        "rev": "4fdbb8168f61d31d3f90bb0d07f48de709c4fe79",
        "type": "github"
      },
      "original": {
        "owner": "LnL7",
        "repo": "nix-darwin",
        "type": "github"
      }
    },
    "nix-doom-emacs": {
      "inputs": {
        "doom-emacs": "doom-emacs",
        "doom-snippets": "doom-snippets",
        "emacs-overlay": "emacs-overlay_2",
        "emacs-so-long": "emacs-so-long",
        "evil-markdown": "evil-markdown",
        "evil-org-mode": "evil-org-mode",
        "evil-quick-diff": "evil-quick-diff",
        "explain-pause-mode": "explain-pause-mode",
        "flake-utils": "flake-utils_3",
        "format-all": "format-all",
        "nix-straight": "nix-straight",
        "nixpkgs": "nixpkgs_5",
        "nose": "nose",
        "ob-racket": "ob-racket",
        "org": "org",
        "org-contrib": "org-contrib",
        "org-yt": "org-yt",
        "php-extras": "php-extras",
        "revealjs": "revealjs",
        "rotate-text": "rotate-text"
      },
      "locked": {
        "lastModified": 1649199240,
        "narHash": "sha256-dgbhx3KUShvhIdB0EWa7rc5Q4b11rSwQ0u2rgLKKWbc=",
        "owner": "nix-community",
        "repo": "nix-doom-emacs",
        "rev": "33f30efea2df299afb03d42544e188100fb32a82",
        "type": "github"
      },
      "original": {
        "owner": "nix-community",
        "repo": "nix-doom-emacs",
        "type": "github"
      }
    },
    "nix-straight": {
      "flake": false,
      "locked": {
        "lastModified": 1643475817,
        "narHash": "sha256-NpExq5nbPbj/ppkBX3SnETEJuOne1MKJxen8vVHsDFg=",
        "owner": "nix-community",
        "repo": "nix-straight.el",
        "rev": "08d75e5651cb52f8a07e03408ed19e04bee07505",
        "type": "github"
      },
      "original": {
        "owner": "nix-community",
        "repo": "nix-straight.el",
        "type": "github"
      }
    },
    "nixos-hardware": {
      "locked": {
        "lastModified": 1646647249,
        "narHash": "sha256-G1qFpuv8FOO7Sjx3kPwVi63emtCFZvTBSta8jODOb/U=",
        "owner": "NixOS",
        "repo": "nixos-hardware",
        "rev": "86fa91c21f911d7cb0427baed3b177744b82e068",
        "type": "github"
      },
      "original": {
        "owner": "NixOS",
        "ref": "master",
        "repo": "nixos-hardware",
        "type": "github"
      }
    },
    "nixos-shell": {
      "inputs": {
        "nixpkgs": "nixpkgs_6"
      },
      "locked": {
        "lastModified": 1646257415,
        "narHash": "sha256-whHBBcthLhEIy2VTaioRZOSZoZR7pk4Qr4DVxwU0r9Y=",
        "owner": "Mic92",
        "repo": "nixos-shell",
        "rev": "55de7d4d449ff30cdde8b8fe484a86eef477245e",
        "type": "github"
      },
      "original": {
        "owner": "Mic92",
        "repo": "nixos-shell",
        "type": "github"
      }
    },
    "nixos-unstable": {
      "locked": {
        "lastModified": 1649417654,
        "narHash": "sha256-IKC+25OiNIGPIGs0iBg/gx1lrGR4N5MGe5x+sGi7vzw=",
        "owner": "NixOS",
        "repo": "nixpkgs",
        "rev": "5df8b35e4f4074bd8b77eed10b267b6e5d029d6c",
        "type": "github"
      },
      "original": {
        "owner": "NixOS",
        "repo": "nixpkgs",
        "type": "github"
      }
    },
    "nixos-vscode-server": {
      "inputs": {
        "nixpkgs": "nixpkgs_7"
      },
      "locked": {
        "lastModified": 1621309617,
        "narHash": "sha256-wVraqnUMkDzVRoicKB9hwd16u53lls8gDN2Df6CmoK8=",
        "owner": "iosmanthus",
        "repo": "nixos-vscode-server",
        "rev": "b7d30b8afb614ea9da284ca8e9687689ae8fcfbd",
        "type": "github"
      },
      "original": {
        "owner": "iosmanthus",
        "ref": "add-flake",
        "repo": "nixos-vscode-server",
        "type": "github"
      }
    },
    "nixpkgs": {
      "locked": {
        "lastModified": 1602411953,
        "narHash": "sha256-gbupmxRpoQZqL5NBQCJN2GI5G7XDEHHHYKhVwEj5+Ps=",
        "owner": "LnL7",
        "repo": "nixpkgs",
        "rev": "f780534ea2d0c12e62607ff254b6b45f46653f7a",
        "type": "github"
      },
      "original": {
        "id": "nixpkgs",
        "type": "indirect"
      }
    },
    "nixpkgs_2": {
      "locked": {
        "lastModified": 1619531122,
        "narHash": "sha256-ovm5bo6PkZzNKh2YGXbRKYIjega0EjiEP0YDwyeXEYU=",
        "owner": "NixOS",
        "repo": "nixpkgs",
        "rev": "bb80d578e8ad3cb5a607f468ac00cc546d0396dc",
        "type": "github"
      },
      "original": {
        "id": "nixpkgs",
        "type": "indirect"
      }
    },
    "nixpkgs_3": {
      "locked": {
        "lastModified": 1649986882,
        "narHash": "sha256-cNsInUFq1MbuvaEmv8x6jetWnmAU+osMpnwKumtjksI=",
        "owner": "nixos",
        "repo": "nixpkgs",
        "rev": "5181d5945eda382ff6a9ca3e072ed6ea9b547fee",
        "type": "github"
      },
      "original": {
        "owner": "nixos",
        "ref": "nixos-unstable",
        "repo": "nixpkgs",
        "type": "github"
      }
    },
    "nixpkgs_4": {
      "locked": {
        "lastModified": 1649986882,
        "narHash": "sha256-cNsInUFq1MbuvaEmv8x6jetWnmAU+osMpnwKumtjksI=",
        "owner": "nixos",
        "repo": "nixpkgs",
        "rev": "5181d5945eda382ff6a9ca3e072ed6ea9b547fee",
        "type": "github"
      },
      "original": {
        "owner": "nixos",
        "ref": "nixos-unstable",
        "repo": "nixpkgs",
        "type": "github"
      }
    },
    "nixpkgs_5": {
      "locked": {
        "lastModified": 1646331602,
        "narHash": "sha256-cRuytTfel52z947yKfJcZU7zbQBgM16qqTf+oJkVwtg=",
        "owner": "NixOS",
        "repo": "nixpkgs",
        "rev": "ad267cc9cf3d5a6ae63940df31eb31382d6356e6",
        "type": "github"
      },
      "original": {
        "id": "nixpkgs",
        "ref": "nixpkgs-unstable",
        "type": "indirect"
      }
    },
    "nixpkgs_6": {
      "locked": {
        "lastModified": 1628465643,
        "narHash": "sha256-QSNw9bDq9uGUniQQtakRuw4m21Jxugm23SXLVgEV4DM=",
        "owner": "NixOS",
        "repo": "nixpkgs",
        "rev": "6ef4f522d63f22b40004319778761040d3197390",
        "type": "github"
      },
      "original": {
        "id": "nixpkgs",
        "ref": "nixos-unstable",
        "type": "indirect"
      }
    },
    "nixpkgs_7": {
      "locked": {
        "lastModified": 1621073999,
        "narHash": "sha256-Cp99YreSFedcWovxNmO8g8qFYltQQJPRLfuot6Z7iGE=",
        "owner": "NixOS",
        "repo": "nixpkgs",
        "rev": "83d907fd760d9ee4f49b4b7e4b1c6682f137b573",
        "type": "github"
      },
      "original": {
        "owner": "NixOS",
        "ref": "nixos-unstable",
        "repo": "nixpkgs",
        "type": "github"
      }
    },
    "nixpkgs_8": {
      "locked": {
        "lastModified": 1649986882,
        "narHash": "sha256-cNsInUFq1MbuvaEmv8x6jetWnmAU+osMpnwKumtjksI=",
        "owner": "nixos",
        "repo": "nixpkgs",
        "rev": "5181d5945eda382ff6a9ca3e072ed6ea9b547fee",
        "type": "github"
      },
      "original": {
        "owner": "nixos",
        "repo": "nixpkgs",
        "rev": "5181d5945eda382ff6a9ca3e072ed6ea9b547fee",
        "type": "github"
      }
    },
    "nose": {
      "flake": false,
      "locked": {
        "lastModified": 1400604510,
        "narHash": "sha256-daEi8Kta1oGaDEmUUDDQMahTTPOpvNpDKk22rlr7cB0=",
        "owner": "emacsattic",
        "repo": "nose",
        "rev": "f8528297519eba911696c4e68fa88892de9a7b72",
        "type": "github"
      },
      "original": {
        "owner": "emacsattic",
        "repo": "nose",
        "type": "github"
      }
    },
    "ob-racket": {
      "flake": false,
      "locked": {
        "lastModified": 1584656173,
        "narHash": "sha256-rBUYDDCXb+3D4xTPQo9UocbTPZ32kWV1Uya/1DmZknU=",
        "owner": "xchrishawk",
        "repo": "ob-racket",
        "rev": "83457ec9e1e96a29fd2086ed19432b9d75787673",
        "type": "github"
      },
      "original": {
        "owner": "xchrishawk",
        "repo": "ob-racket",
        "type": "github"
      }
    },
    "org": {
      "flake": false,
      "locked": {
        "lastModified": 1646280299,
        "narHash": "sha256-ZNkOfB8o2OHTh2t/ci8uv8aoV3I5IfAgIIOP3azD6eU=",
        "owner": "emacs-straight",
        "repo": "org-mode",
        "rev": "91681fc03334285dc0879fcb9a27583bd7ab9782",
        "type": "github"
      },
      "original": {
        "owner": "emacs-straight",
        "repo": "org-mode",
        "type": "github"
      }
    },
    "org-contrib": {
      "flake": false,
      "locked": {
        "lastModified": 1639727892,
        "narHash": "sha256-+T6Y87aSAx7kMpigm8d1ODDQIyPBM6a+4qGolXjCEXs=",
        "ref": "master",
        "rev": "5766ff1088191e4df5fecd55007ba4271e609bcc",
        "revCount": 2611,
        "type": "git",
        "url": "https://git.sr.ht/~bzg/org-contrib"
      },
      "original": {
        "type": "git",
        "url": "https://git.sr.ht/~bzg/org-contrib"
      }
    },
    "org-yt": {
      "flake": false,
      "locked": {
        "lastModified": 1527381913,
        "narHash": "sha256-dzQ6B7ryzatHCTLyEnRSbWO0VUiX/FHYnpHTs74aVUs=",
        "owner": "TobiasZawada",
        "repo": "org-yt",
        "rev": "40cc1ac76d741055cbefa13860d9f070a7ade001",
        "type": "github"
      },
      "original": {
        "owner": "TobiasZawada",
        "repo": "org-yt",
        "type": "github"
      }
    },
    "php-extras": {
      "flake": false,
      "locked": {
        "lastModified": 1573312690,
        "narHash": "sha256-r4WyVbzvT0ra4Z6JywNBOw5RxOEYd6Qe2IpebHXkj1U=",
        "owner": "arnested",
        "repo": "php-extras",
        "rev": "d410c5af663c30c01d461ac476d1cbfbacb49367",
        "type": "github"
      },
      "original": {
        "owner": "arnested",
        "repo": "php-extras",
        "type": "github"
      }
    },
    "pre-commit-hooks-nix": {
      "inputs": {
        "flake-utils": "flake-utils",
        "nixpkgs": "nixpkgs_2"
      },
      "locked": {
        "lastModified": 1638351750,
        "narHash": "sha256-90OHC+11DIHD1QyMIPUuM3n6zjH5Mhc8RBZa0h8969A=",
        "owner": "hercules-ci",
        "repo": "pre-commit-hooks.nix",
        "rev": "3bb289628867ac40fc9e7c514f8266b1ce8c0910",
        "type": "github"
      },
      "original": {
        "owner": "hercules-ci",
        "ref": "flakeModule",
        "repo": "pre-commit-hooks.nix",
        "type": "github"
      }
    },
    "revealjs": {
      "flake": false,
      "locked": {
        "lastModified": 1646820626,
        "narHash": "sha256-J3bcoO/42FcPIqCU7ORiV7dcvJDKtEHG8N7/stEQqDg=",
        "owner": "hakimel",
        "repo": "reveal.js",
        "rev": "37861335a225a3cc9f67e98977aceda3c2a9eca9",
        "type": "github"
      },
      "original": {
        "owner": "hakimel",
        "repo": "reveal.js",
        "type": "github"
      }
    },
    "root": {
      "inputs": {
        "darwin": "darwin",
        "emacs-overlay": "emacs-overlay",
        "hercules-ci-agent": "hercules-ci-agent",
        "home-manager": "home-manager",
        "neovim-nightly-overlay": "neovim-nightly-overlay",
        "nix-doom-emacs": "nix-doom-emacs",
        "nixos-hardware": "nixos-hardware",
        "nixos-shell": "nixos-shell",
        "nixos-vscode-server": "nixos-vscode-server",
        "nixpkgs": "nixpkgs_8"
      }
    },
    "rotate-text": {
      "flake": false,
      "locked": {
        "lastModified": 1322962747,
        "narHash": "sha256-SOeOgSlcEIsKhUiYDJv0p+mLUb420s9E2BmvZQvZ0wk=",
        "owner": "debug-ito",
        "repo": "rotate-text.el",
        "rev": "48f193697db996855aee1ad2bc99b38c6646fe76",
        "type": "github"
      },
      "original": {
        "owner": "debug-ito",
        "repo": "rotate-text.el",
        "type": "github"
      }
    }
  },
  "root": "root",
  "version": 7
}
